
Microsoft Visual Studio Solution File, Format Version 12.00
# Visual Studio Version 16
VisualStudioVersion = 16.0.30804.86
MinimumVisualStudioVersion = 10.0.40219.1
Project("{9A19103F-16F7-4668-BE54-9A1E7A4F7556}") = "Methods", "Methods\Methods.csproj", "{6D77EC33-85F2-4EC8-8E65-FFF3F696AAFF}"
EndProject
Project("{9A19103F-16F7-4668-BE54-9A1E7A4F7556}") = "Matematik", "Matematik\Matematik.csproj", "{25F3E8DA-5310-4DE1-B36F-2C9F800FB688}"
EndProject
Project("{9A19103F-16F7-4668-BE54-9A1E7A4F7556}") = "DegerveReferansTipler", "DegerveReferansTipler\DegerveReferansTipler.csproj", "{5E3F7D7F-C8EB-4707-AD36-602D4BB019C7}"
EndProject
Project("{9A19103F-16F7-4668-BE54-9A1E7A4F7556}") = "OOP1", "OOP1\OOP1.csproj", "{F4707E5A-1CEA-4AAB-8F36-98D7D4D9FDC7}"
EndProject
Project("{9A19103F-16F7-4668-BE54-9A1E7A4F7556}") = "Koleksiyonlar", "Koleksiyonlar\Koleksiyonlar.csproj", "{D348DD73-F997-4AE2-BF73-2F163C68FE0F}"
EndProject
Project("{9A19103F-16F7-4668-BE54-9A1E7A4F7556}") = "GenericsIntro", "GenericsIntro\GenericsIntro.csproj", "{5A33D110-78AF-4E36-B9FC-11792E7E3117}"
EndProject
Project("{FAE04EC0-301F-11D3-BF4B-00C04F79EFBC}") = "OOP2", "OOP2\OOP2.csproj", "{376319DB-347B-48E3-B8E9-8B2771568694}"
EndProject
Project("{FAE04EC0-301F-11D3-BF4B-00C04F79EFBC}") = "OOP3", "OOP3\OOP3.csproj", "{9185AA25-8FE5-4095-9BFE-992D42C86A94}"
EndProject
Global
	GlobalSection(SolutionConfigurationPlatforms) = preSolution
		Debug|Any CPU = Debug|Any CPU
		Release|Any CPU = Release|Any CPU
	EndGlobalSection
	GlobalSection(ProjectConfigurationPlatforms) = postSolution
		{6D77EC33-85F2-4EC8-8E65-FFF3F696AAFF}.Debug|Any CPU.ActiveCfg = Debug|Any CPU
		{6D77EC33-85F2-4EC8-8E65-FFF3F696AAFF}.Debug|Any CPU.Build.0 = Debug|Any CPU
		{6D77EC33-85F2-4EC8-8E65-FFF3F696AAFF}.Release|Any CPU.ActiveCfg = Release|Any CPU
		{6D77EC33-85F2-4EC8-8E65-FFF3F696AAFF}.Release|Any CPU.Build.0 = Release|Any CPU
		{25F3E8DA-5310-4DE1-B36F-2C9F800FB688}.Debug|Any CPU.ActiveCfg = Debug|Any CPU
		{25F3E8DA-5310-4DE1-B36F-2C9F800FB688}.Debug|Any CPU.Build.0 = Debug|Any CPU
		{25F3E8DA-5310-4DE1-B36F-2C9F800FB688}.Release|Any CPU.ActiveCfg = Release|Any CPU
		{25F3E8DA-5310-4DE1-B36F-2C9F800FB688}.Release|Any CPU.Build.0 = Release|Any CPU
		{5E3F7D7F-C8EB-4707-AD36-602D4BB019C7}.Debug|Any CPU.ActiveCfg = Debug|Any CPU
		{5E3F7D7F-C8EB-4707-AD36-602D4BB019C7}.Debug|Any CPU.Build.0 = Debug|Any CPU
		{5E3F7D7F-C8EB-4707-AD36-602D4BB019C7}.Release|Any CPU.ActiveCfg = Release|Any CPU
		{5E3F7D7F-C8EB-4707-AD36-602D4BB019C7}.Release|Any CPU.Build.0 = Release|Any CPU
		{F4707E5A-1CEA-4AAB-8F36-98D7D4D9FDC7}.Debug|Any CPU.ActiveCfg = Debug|Any CPU
		{F4707E5A-1CEA-4AAB-8F36-98D7D4D9FDC7}.Debug|Any CPU.Build.0 = Debug|Any CPU
		{F4707E5A-1CEA-4AAB-8F36-98D7D4D9FDC7}.Release|Any CPU.ActiveCfg = Release|Any CPU
		{F4707E5A-1CEA-4AAB-8F36-98D7D4D9FDC7}.Release|Any CPU.Build.0 = Release|Any CPU
		{D348DD73-F997-4AE2-BF73-2F163C68FE0F}.Debug|Any CPU.ActiveCfg = Debug|Any CPU
		{D348DD73-F997-4AE2-BF73-2F163C68FE0F}.Debug|Any CPU.Build.0 = Debug|Any CPU
		{D348DD73-F997-4AE2-BF73-2F163C68FE0F}.Release|Any CPU.ActiveCfg = Release|Any CPU
		{D348DD73-F997-4AE2-BF73-2F163C68FE0F}.Release|Any CPU.Build.0 = Release|Any CPU
		{5A33D110-78AF-4E36-B9FC-11792E7E3117}.Debug|Any CPU.ActiveCfg = Debug|Any CPU
		{5A33D110-78AF-4E36-B9FC-11792E7E3117}.Debug|Any CPU.Build.0 = Debug|Any CPU
		{5A33D110-78AF-4E36-B9FC-11792E7E3117}.Release|Any CPU.ActiveCfg = Release|Any CPU
		{5A33D110-78AF-4E36-B9FC-11792E7E3117}.Release|Any CPU.Build.0 = Release|Any CPU
		{376319DB-347B-48E3-B8E9-8B2771568694}.Debug|Any CPU.ActiveCfg = Debug|Any CPU
		{376319DB-347B-48E3-B8E9-8B2771568694}.Debug|Any CPU.Build.0 = Debug|Any CPU
		{376319DB-347B-48E3-B8E9-8B2771568694}.Release|Any CPU.ActiveCfg = Release|Any CPU
		{376319DB-347B-48E3-B8E9-8B2771568694}.Release|Any CPU.Build.0 = Release|Any CPU
		{9185AA25-8FE5-4095-9BFE-992D42C86A94}.Debug|Any CPU.ActiveCfg = Debug|Any CPU
		{9185AA25-8FE5-4095-9BFE-992D42C86A94}.Debug|Any CPU.Build.0 = Debug|Any CPU
		{9185AA25-8FE5-4095-9BFE-992D42C86A94}.Release|Any CPU.ActiveCfg = Release|Any CPU
		{9185AA25-8FE5-4095-9BFE-992D42C86A94}.Release|Any CPU.Build.0 = Release|Any CPU
	EndGlobalSection
	GlobalSection(SolutionProperties) = preSolution
		HideSolutionNode = FALSE
	EndGlobalSection
	GlobalSection(ExtensibilityGlobals) = postSolution
		SolutionGuid = {00CA5B2A-01FD-463B-AACF-E4950B8F1F2C}
	EndGlobalSection
EndGlobal
